[[package]]
name = "numpy"
version = "1.23.4"
description = "NumPy is the fundamental package for array computing with Python."
category = "main"
optional = false
python-versions = ">=3.8"

[[package]]
name = "opencv-python"
version = "4.6.0.66"
description = "Wrapper package for OpenCV python bindings."
category = "main"
optional = false
python-versions = ">=3.6"

[package.dependencies]
numpy = [
    {version = ">=1.21.2", markers = "python_version >= \"3.10\" or python_version >= \"3.6\" and platform_system == \"Darwin\" and platform_machine == \"arm64\""},
    {version = ">=1.19.3", markers = "python_version >= \"3.6\" and platform_system == \"Linux\" and platform_machine == \"aarch64\" or python_version >= \"3.9\""},
    {version = ">=1.14.5", markers = "python_version >= \"3.7\""},
    {version = ">=1.17.3", markers = "python_version >= \"3.8\""},
]

[[package]]
name = "pydantic"
version = "1.10.2"
description = "Data validation and settings management using python type hints"
category = "main"
optional = false
python-versions = ">=3.7"

[package.dependencies]
typing-extensions = ">=4.1.0"

[package.extras]
dotenv = ["python-dotenv (>=0.10.4)"]
email = ["email-validator (>=1.0.3)"]

[[package]]
name = "typing-extensions"
version = "4.4.0"
description = "Backported and Experimental Type Hints for Python 3.7+"
category = "main"
optional = false
python-versions = ">=3.7"

[metadata]
lock-version = "1.1"
python-versions = "^3.9"
content-hash = "37c8d8701f8f9dbd80abb0b2195b3fbad691abff24f05cf16ede5b1743baa17b"

[metadata.files]
numpy = []
opencv-python = []
pydantic = []
typing-extensions = []
